// !$*UTF8*$!
{
	archiveVersion = 1;
	classes = {
	};
	objectVersion = 55;
	objects = {

/* Begin PBXBuildFile section */
		321AEEC828D78F870038F726 /* CreateViewModel.swift in Sources */ = {isa = PBXBuildFile; fileRef = 321AEEC728D78F870038F726 /* CreateViewModel.swift */; };
		32804B3128C2D82600C24238 /* MechBoardApp.swift in Sources */ = {isa = PBXBuildFile; fileRef = 32804B3028C2D82600C24238 /* MechBoardApp.swift */; };
		32804B3328C2D82600C24238 /* HomeView.swift in Sources */ = {isa = PBXBuildFile; fileRef = 32804B3228C2D82600C24238 /* HomeView.swift */; };
		32804B3528C2D82700C24238 /* Assets.xcassets in Resources */ = {isa = PBXBuildFile; fileRef = 32804B3428C2D82700C24238 /* Assets.xcassets */; };
		32804B3828C2D82700C24238 /* Preview Assets.xcassets in Resources */ = {isa = PBXBuildFile; fileRef = 32804B3728C2D82700C24238 /* Preview Assets.xcassets */; };
		32804B3D28C2D82700C24238 /* MechBoard.xcdatamodeld in Sources */ = {isa = PBXBuildFile; fileRef = 32804B3B28C2D82700C24238 /* MechBoard.xcdatamodeld */; };
		32804B4628C2DB9500C24238 /* CloudKit.framework in Frameworks */ = {isa = PBXBuildFile; fileRef = 32804B4528C2DB9500C24238 /* CloudKit.framework */; };
		32804B4828C2F5A800C24238 /* AuthViewModel.swift in Sources */ = {isa = PBXBuildFile; fileRef = 32804B4728C2F5A800C24238 /* AuthViewModel.swift */; };
		32E12D7028F7667500103762 /* Keyboard.swift in Sources */ = {isa = PBXBuildFile; fileRef = 32E12D6F28F7667500103762 /* Keyboard.swift */; };
		32F04E1F28D64EE0000BB7A9 /* PostItem.swift in Sources */ = {isa = PBXBuildFile; fileRef = 32F04E1E28D64EE0000BB7A9 /* PostItem.swift */; };
		32F04E2228D64F0A000BB7A9 /* Post.swift in Sources */ = {isa = PBXBuildFile; fileRef = 32F04E2128D64F0A000BB7A9 /* Post.swift */; };
		32F04E2428D6503A000BB7A9 /* HomeViewModel.swift in Sources */ = {isa = PBXBuildFile; fileRef = 32F04E2328D6503A000BB7A9 /* HomeViewModel.swift */; };
		32F04E2A28D662DE000BB7A9 /* CreateView.swift in Sources */ = {isa = PBXBuildFile; fileRef = 32F04E2928D662DE000BB7A9 /* CreateView.swift */; };
/* End PBXBuildFile section */

/* Begin PBXFileReference section */
		321AEEC728D78F870038F726 /* CreateViewModel.swift */ = {isa = PBXFileReference; lastKnownFileType = sourcecode.swift; path = CreateViewModel.swift; sourceTree = "<group>"; };
		32804B2D28C2D82600C24238 /* MechBoard.app */ = {isa = PBXFileReference; explicitFileType = wrapper.application; includeInIndex = 0; path = MechBoard.app; sourceTree = BUILT_PRODUCTS_DIR; };
		32804B3028C2D82600C24238 /* MechBoardApp.swift */ = {isa = PBXFileReference; lastKnownFileType = sourcecode.swift; path = MechBoardApp.swift; sourceTree = "<group>"; };
		32804B3228C2D82600C24238 /* HomeView.swift */ = {isa = PBXFileReference; lastKnownFileType = sourcecode.swift; path = HomeView.swift; sourceTree = "<group>"; };
		32804B3428C2D82700C24238 /* Assets.xcassets */ = {isa = PBXFileReference; lastKnownFileType = folder.assetcatalog; path = Assets.xcassets; sourceTree = "<group>"; };
		32804B3728C2D82700C24238 /* Preview Assets.xcassets */ = {isa = PBXFileReference; lastKnownFileType = folder.assetcatalog; path = "Preview Assets.xcassets"; sourceTree = "<group>"; };
		32804B3C28C2D82700C24238 /* MechBoard.xcdatamodel */ = {isa = PBXFileReference; lastKnownFileType = wrapper.xcdatamodel; path = MechBoard.xcdatamodel; sourceTree = "<group>"; };
		32804B4328C2DADC00C24238 /* MechBoard.entitlements */ = {isa = PBXFileReference; lastKnownFileType = text.plist.entitlements; path = MechBoard.entitlements; sourceTree = "<group>"; };
		32804B4528C2DB9500C24238 /* CloudKit.framework */ = {isa = PBXFileReference; lastKnownFileType = wrapper.framework; name = CloudKit.framework; path = System/Library/Frameworks/CloudKit.framework; sourceTree = SDKROOT; };
		32804B4728C2F5A800C24238 /* AuthViewModel.swift */ = {isa = PBXFileReference; lastKnownFileType = sourcecode.swift; path = AuthViewModel.swift; sourceTree = "<group>"; };
		329DECA528DE498600B7C299 /* Info.plist */ = {isa = PBXFileReference; lastKnownFileType = text.plist; path = Info.plist; sourceTree = "<group>"; };
		32E12D6F28F7667500103762 /* Keyboard.swift */ = {isa = PBXFileReference; lastKnownFileType = sourcecode.swift; path = Keyboard.swift; sourceTree = "<group>"; };
		32F04E1E28D64EE0000BB7A9 /* PostItem.swift */ = {isa = PBXFileReference; lastKnownFileType = sourcecode.swift; path = PostItem.swift; sourceTree = "<group>"; };
		32F04E2128D64F0A000BB7A9 /* Post.swift */ = {isa = PBXFileReference; lastKnownFileType = sourcecode.swift; path = Post.swift; sourceTree = "<group>"; };
		32F04E2328D6503A000BB7A9 /* HomeViewModel.swift */ = {isa = PBXFileReference; lastKnownFileType = sourcecode.swift; path = HomeViewModel.swift; sourceTree = "<group>"; };
		32F04E2928D662DE000BB7A9 /* CreateView.swift */ = {isa = PBXFileReference; lastKnownFileType = sourcecode.swift; path = CreateView.swift; sourceTree = "<group>"; };
/* End PBXFileReference section */

/* Begin PBXFrameworksBuildPhase section */
		32804B2A28C2D82600C24238 /* Frameworks */ = {
			isa = PBXFrameworksBuildPhase;
			buildActionMask = 2147483647;
			files = (
				32804B4628C2DB9500C24238 /* CloudKit.framework in Frameworks */,
			);
			runOnlyForDeploymentPostprocessing = 0;
		};
/* End PBXFrameworksBuildPhase section */

/* Begin PBXGroup section */
		321AEEC928D830C40038F726 /* Views */ = {
			isa = PBXGroup;
			children = (
				32F04E1C28D64E54000BB7A9 /* Home */,
				321AEECA28D830DB0038F726 /* Create */,
			);
			path = Views;
			sourceTree = "<group>";
		};
		321AEECA28D830DB0038F726 /* Create */ = {
			isa = PBXGroup;
			children = (
				32F04E2928D662DE000BB7A9 /* CreateView.swift */,
			);
			path = Create;
			sourceTree = "<group>";
		};
		32804B2428C2D82600C24238 = {
			isa = PBXGroup;
			children = (
				32804B2F28C2D82600C24238 /* MechBoard */,
				32804B2E28C2D82600C24238 /* Products */,
				32804B4428C2DB9500C24238 /* Frameworks */,
			);
			sourceTree = "<group>";
		};
		32804B2E28C2D82600C24238 /* Products */ = {
			isa = PBXGroup;
			children = (
				32804B2D28C2D82600C24238 /* MechBoard.app */,
			);
			name = Products;
			sourceTree = "<group>";
		};
		32804B2F28C2D82600C24238 /* MechBoard */ = {
			isa = PBXGroup;
			children = (
				329DECA528DE498600B7C299 /* Info.plist */,
				32804B4328C2DADC00C24238 /* MechBoard.entitlements */,
				32804B3028C2D82600C24238 /* MechBoardApp.swift */,
				32F04E1D28D64E68000BB7A9 /* ViewModels */,
				32F04E2028D64EF3000BB7A9 /* Models */,
				321AEEC928D830C40038F726 /* Views */,
				32804B3428C2D82700C24238 /* Assets.xcassets */,
				32804B3B28C2D82700C24238 /* MechBoard.xcdatamodeld */,
				32804B3628C2D82700C24238 /* Preview Content */,
			);
			path = MechBoard;
			sourceTree = "<group>";
		};
		32804B3628C2D82700C24238 /* Preview Content */ = {
			isa = PBXGroup;
			children = (
				32804B3728C2D82700C24238 /* Preview Assets.xcassets */,
			);
			path = "Preview Content";
			sourceTree = "<group>";
		};
		32804B4428C2DB9500C24238 /* Frameworks */ = {
			isa = PBXGroup;
			children = (
				32804B4528C2DB9500C24238 /* CloudKit.framework */,
			);
			name = Frameworks;
			sourceTree = "<group>";
		};
		32F04E1C28D64E54000BB7A9 /* Home */ = {
			isa = PBXGroup;
			children = (
				32804B3228C2D82600C24238 /* HomeView.swift */,
				32F04E1E28D64EE0000BB7A9 /* PostItem.swift */,
			);
			path = Home;
			sourceTree = "<group>";
		};
		32F04E1D28D64E68000BB7A9 /* ViewModels */ = {
			isa = PBXGroup;
			children = (
				32804B4728C2F5A800C24238 /* AuthViewModel.swift */,
				32F04E2328D6503A000BB7A9 /* HomeViewModel.swift */,
				321AEEC728D78F870038F726 /* CreateViewModel.swift */,
			);
			path = ViewModels;
			sourceTree = "<group>";
		};
		32F04E2028D64EF3000BB7A9 /* Models */ = {
			isa = PBXGroup;
			children = (
				32F04E2128D64F0A000BB7A9 /* Post.swift */,
				32E12D6F28F7667500103762 /* Keyboard.swift */,
			);
			path = Models;
			sourceTree = "<group>";
		};
/* End PBXGroup section */

/* Begin PBXNativeTarget section */
		32804B2C28C2D82600C24238 /* MechBoard */ = {
			isa = PBXNativeTarget;
			buildConfigurationList = 32804B4028C2D82700C24238 /* Build configuration list for PBXNativeTarget "MechBoard" */;
			buildPhases = (
				32804B2928C2D82600C24238 /* Sources */,
				32804B2A28C2D82600C24238 /* Frameworks */,
				32804B2B28C2D82600C24238 /* Resources */,
			);
			buildRules = (
			);
			dependencies = (
			);
			name = MechBoard;
			productName = MechBoard;
			productReference = 32804B2D28C2D82600C24238 /* MechBoard.app */;
			productType = "com.apple.product-type.application";
		};
/* End PBXNativeTarget section */

/* Begin PBXProject section */
		32804B2528C2D82600C24238 /* Project object */ = {
			isa = PBXProject;
			attributes = {
				BuildIndependentTargetsInParallel = 1;
				LastSwiftUpdateCheck = 1340;
				LastUpgradeCheck = 1340;
				TargetAttributes = {
					32804B2C28C2D82600C24238 = {
						CreatedOnToolsVersion = 13.4.1;
					};
				};
			};
			buildConfigurationList = 32804B2828C2D82600C24238 /* Build configuration list for PBXProject "MechBoard" */;
			compatibilityVersion = "Xcode 13.0";
			developmentRegion = en;
			hasScannedForEncodings = 0;
			knownRegions = (
				en,
				Base,
			);
			mainGroup = 32804B2428C2D82600C24238;
			productRefGroup = 32804B2E28C2D82600C24238 /* Products */;
			projectDirPath = "";
			projectRoot = "";
			targets = (
				32804B2C28C2D82600C24238 /* MechBoard */,
			);
		};
/* End PBXProject section */

/* Begin PBXResourcesBuildPhase section */
		32804B2B28C2D82600C24238 /* Resources */ = {
			isa = PBXResourcesBuildPhase;
			buildActionMask = 2147483647;
			files = (
				32804B3828C2D82700C24238 /* Preview Assets.xcassets in Resources */,
				32804B3528C2D82700C24238 /* Assets.xcassets in Resources */,
			);
			runOnlyForDeploymentPostprocessing = 0;
		};
/* End PBXResourcesBuildPhase section */

/* Begin PBXSourcesBuildPhase section */
		32804B2928C2D82600C24238 /* Sources */ = {
			isa = PBXSourcesBuildPhase;
			buildActionMask = 2147483647;
			files = (
				321AEEC828D78F870038F726 /* CreateViewModel.swift in Sources */,
				32F04E2A28D662DE000BB7A9 /* CreateView.swift in Sources */,
				32E12D7028F7667500103762 /* Keyboard.swift in Sources */,
				32804B4828C2F5A800C24238 /* AuthViewModel.swift in Sources */,
				32804B3328C2D82600C24238 /* HomeView.swift in Sources */,
				32F04E2428D6503A000BB7A9 /* HomeViewModel.swift in Sources */,
				32F04E1F28D64EE0000BB7A9 /* PostItem.swift in Sources */,
				32F04E2228D64F0A000BB7A9 /* Post.swift in Sources */,
				32804B3128C2D82600C24238 /* MechBoardApp.swift in Sources */,
				32804B3D28C2D82700C24238 /* MechBoard.xcdatamodeld in Sources */,
			);
			runOnlyForDeploymentPostprocessing = 0;
		};
/* End PBXSourcesBuildPhase section */

/* Begin XCBuildConfiguration section */
		32804B3E28C2D82700C24238 /* Debug */ = {
			isa = XCBuildConfiguration;
			buildSettings = {
				ALWAYS_SEARCH_USER_PATHS = NO;
				CLANG_ANALYZER_NONNULL = YES;
				CLANG_ANALYZER_NUMBER_OBJECT_CONVERSION = YES_AGGRESSIVE;
				CLANG_CXX_LANGUAGE_STANDARD = "gnu++17";
				CLANG_ENABLE_MODULES = YES;
				CLANG_ENABLE_OBJC_ARC = YES;
				CLANG_ENABLE_OBJC_WEAK = YES;
				CLANG_WARN_BLOCK_CAPTURE_AUTORELEASING = YES;
				CLANG_WARN_BOOL_CONVERSION = YES;
				CLANG_WARN_COMMA = YES;
				CLANG_WARN_CONSTANT_CONVERSION = YES;
				CLANG_WARN_DEPRECATED_OBJC_IMPLEMENTATIONS = YES;
				CLANG_WARN_DIRECT_OBJC_ISA_USAGE = YES_ERROR;
				CLANG_WARN_DOCUMENTATION_COMMENTS = YES;
				CLANG_WARN_EMPTY_BODY = YES;
				CLANG_WARN_ENUM_CONVERSION = YES;
				CLANG_WARN_INFINITE_RECURSION = YES;
				CLANG_WARN_INT_CONVERSION = YES;
				CLANG_WARN_NON_LITERAL_NULL_CONVERSION = YES;
				CLANG_WARN_OBJC_IMPLICIT_RETAIN_SELF = YES;
				CLANG_WARN_OBJC_LITERAL_CONVERSION = YES;
				CLANG_WARN_OBJC_ROOT_CLASS = YES_ERROR;
				CLANG_WARN_QUOTED_INCLUDE_IN_FRAMEWORK_HEADER = YES;
				CLANG_WARN_RANGE_LOOP_ANALYSIS = YES;
				CLANG_WARN_STRICT_PROTOTYPES = YES;
				CLANG_WARN_SUSPICIOUS_MOVE = YES;
				CLANG_WARN_UNGUARDED_AVAILABILITY = YES_AGGRESSIVE;
				CLANG_WARN_UNREACHABLE_CODE = YES;
				CLANG_WARN__DUPLICATE_METHOD_MATCH = YES;
				COPY_PHASE_STRIP = NO;
				DEBUG_INFORMATION_FORMAT = dwarf;
				ENABLE_STRICT_OBJC_MSGSEND = YES;
				ENABLE_TESTABILITY = YES;
				GCC_C_LANGUAGE_STANDARD = gnu11;
				GCC_DYNAMIC_NO_PIC = NO;
				GCC_NO_COMMON_BLOCKS = YES;
				GCC_OPTIMIZATION_LEVEL = 0;
				GCC_PREPROCESSOR_DEFINITIONS = (
					"DEBUG=1",
					"$(inherited)",
				);
				GCC_WARN_64_TO_32_BIT_CONVERSION = YES;
				GCC_WARN_ABOUT_RETURN_TYPE = YES_ERROR;
				GCC_WARN_UNDECLARED_SELECTOR = YES;
				GCC_WARN_UNINITIALIZED_AUTOS = YES_AGGRESSIVE;
				GCC_WARN_UNUSED_FUNCTION = YES;
				GCC_WARN_UNUSED_VARIABLE = YES;
				IPHONEOS_DEPLOYMENT_TARGET = 15.5;
				MTL_ENABLE_DEBUG_INFO = INCLUDE_SOURCE;
				MTL_FAST_MATH = YES;
				ONLY_ACTIVE_ARCH = YES;
				SDKROOT = iphoneos;
				SWIFT_ACTIVE_COMPILATION_CONDITIONS = DEBUG;
				SWIFT_OPTIMIZATION_LEVEL = "-Onone";
			};
			name = Debug;
		};
		32804B3F28C2D82700C24238 /* Release */ = {
			isa = XCBuildConfiguration;
			buildSettings = {
				ALWAYS_SEARCH_USER_PATHS = NO;
				CLANG_ANALYZER_NONNULL = YES;
				CLANG_ANALYZER_NUMBER_OBJECT_CONVERSION = YES_AGGRESSIVE;
				CLANG_CXX_LANGUAGE_STANDARD = "gnu++17";
				CLANG_ENABLE_MODULES = YES;
				CLANG_ENABLE_OBJC_ARC = YES;
				CLANG_ENABLE_OBJC_WEAK = YES;
				CLANG_WARN_BLOCK_CAPTURE_AUTORELEASING = YES;
				CLANG_WARN_BOOL_CONVERSION = YES;
				CLANG_WARN_COMMA = YES;
				CLANG_WARN_CONSTANT_CONVERSION = YES;
				CLANG_WARN_DEPRECATED_OBJC_IMPLEMENTATIONS = YES;
				CLANG_WARN_DIRECT_OBJC_ISA_USAGE = YES_ERROR;
				CLANG_WARN_DOCUMENTATION_COMMENTS = YES;
				CLANG_WARN_EMPTY_BODY = YES;
				CLANG_WARN_ENUM_CONVERSION = YES;
				CLANG_WARN_INFINITE_RECURSION = YES;
				CLANG_WARN_INT_CONVERSION = YES;
				CLANG_WARN_NON_LITERAL_NULL_CONVERSION = YES;
				CLANG_WARN_OBJC_IMPLICIT_RETAIN_SELF = YES;
				CLANG_WARN_OBJC_LITERAL_CONVERSION = YES;
				CLANG_WARN_OBJC_ROOT_CLASS = YES_ERROR;
				CLANG_WARN_QUOTED_INCLUDE_IN_FRAMEWORK_HEADER = YES;
				CLANG_WARN_RANGE_LOOP_ANALYSIS = YES;
				CLANG_WARN_STRICT_PROTOTYPES = YES;
				CLANG_WARN_SUSPICIOUS_MOVE = YES;
				CLANG_WARN_UNGUARDED_AVAILABILITY = YES_AGGRESSIVE;
				CLANG_WARN_UNREACHABLE_CODE = YES;
				CLANG_WARN__DUPLICATE_METHOD_MATCH = YES;
				COPY_PHASE_STRIP = NO;
				DEBUG_INFORMATION_FORMAT = "dwarf-with-dsym";
				ENABLE_NS_ASSERTIONS = NO;
				ENABLE_STRICT_OBJC_MSGSEND = YES;
				GCC_C_LANGUAGE_STANDARD = gnu11;
				GCC_NO_COMMON_BLOCKS = YES;
				GCC_WARN_64_TO_32_BIT_CONVERSION = YES;
				GCC_WARN_ABOUT_RETURN_TYPE = YES_ERROR;
				GCC_WARN_UNDECLARED_SELECTOR = YES;
				GCC_WARN_UNINITIALIZED_AUTOS = YES_AGGRESSIVE;
				GCC_WARN_UNUSED_FUNCTION = YES;
				GCC_WARN_UNUSED_VARIABLE = YES;
				IPHONEOS_DEPLOYMENT_TARGET = 15.5;
				MTL_ENABLE_DEBUG_INFO = NO;
				MTL_FAST_MATH = YES;
				SDKROOT = iphoneos;
				SWIFT_COMPILATION_MODE = wholemodule;
				SWIFT_OPTIMIZATION_LEVEL = "-O";
				VALIDATE_PRODUCT = YES;
			};
			name = Release;
		};
		32804B4128C2D82700C24238 /* Debug */ = {
			isa = XCBuildConfiguration;
			buildSettings = {
				ASSETCATALOG_COMPILER_APPICON_NAME = AppIcon;
				ASSETCATALOG_COMPILER_GLOBAL_ACCENT_COLOR_NAME = AccentColor;
				CODE_SIGN_ENTITLEMENTS = MechBoard/MechBoard.entitlements;
				CODE_SIGN_STYLE = Automatic;
				CURRENT_PROJECT_VERSION = 1;
				DEVELOPMENT_ASSET_PATHS = "\"MechBoard/Preview Content\"";
				DEVELOPMENT_TEAM = 8KHAQ7W8KV;
				ENABLE_PREVIEWS = YES;
				GENERATE_INFOPLIST_FILE = YES;
				INFOPLIST_FILE = MechBoard/Info.plist;
				INFOPLIST_KEY_NSCameraUsageDescription = "$(PRODUCT_NAME) camera use";
				INFOPLIST_KEY_NSPhotoLibraryUsageDescription = "$(PRODUCT_NAME) photo use";
				INFOPLIST_KEY_UIApplicationSceneManifest_Generation = YES;
				INFOPLIST_KEY_UIApplicationSupportsIndirectInputEvents = YES;
				INFOPLIST_KEY_UILaunchScreen_Generation = YES;
				INFOPLIST_KEY_UISupportedInterfaceOrientations_iPad = "UIInterfaceOrientationPortrait UIInterfaceOrientationPortraitUpsideDown UIInterfaceOrientationLandscapeLeft UIInterfaceOrientationLandscapeRight";
				INFOPLIST_KEY_UISupportedInterfaceOrientations_iPhone = "UIInterfaceOrientationPortrait UIInterfaceOrientationLandscapeLeft UIInterfaceOrientationLandscapeRight";
				IPHONEOS_DEPLOYMENT_TARGET = 16.0;
				LD_RUNPATH_SEARCH_PATHS = (
					"$(inherited)",
					"@executable_path/Frameworks",
				);
				MARKETING_VERSION = 1.0;
				PRODUCT_BUNDLE_IDENTIFIER = com.example.MechBoard;
				PRODUCT_NAME = "$(TARGET_NAME)";
				SWIFT_EMIT_LOC_STRINGS = YES;
				SWIFT_VERSION = 5.0;
				TARGETED_DEVICE_FAMILY = "1,2";
			};
			name = Debug;
		};
		32804B4228C2D82700C24238 /* Release */ = {
			isa = XCBuildConfiguration;
			buildSettings = {
				ASSETCATALOG_COMPILER_APPICON_NAME = AppIcon;
				ASSETCATALOG_COMPILER_GLOBAL_ACCENT_COLOR_NAME = AccentColor;
				CODE_SIGN_ENTITLEMENTS = MechBoard/MechBoard.entitlements;
				CODE_SIGN_STYLE = Automatic;
				CURRENT_PROJECT_VERSION = 1;
				DEVELOPMENT_ASSET_PATHS = "\"MechBoard/Preview Content\"";
				DEVELOPMENT_TEAM = 8KHAQ7W8KV;
				ENABLE_PREVIEWS = YES;
				GENERATE_INFOPLIST_FILE = YES;
				INFOPLIST_FILE = MechBoard/Info.plist;
				INFOPLIST_KEY_NSCameraUsageDescription = "$(PRODUCT_NAME) camera use";
				INFOPLIST_KEY_NSPhotoLibraryUsageDescription = "$(PRODUCT_NAME) photo use";
				INFOPLIST_KEY_UIApplicationSceneManifest_Generation = YES;
				INFOPLIST_KEY_UIApplicationSupportsIndirectInputEvents = YES;
				INFOPLIST_KEY_UILaunchScreen_Generation = YES;
				INFOPLIST_KEY_UISupportedInterfaceOrientations_iPad = "UIInterfaceOrientationPortrait UIInterfaceOrientationPortraitUpsideDown UIInterfaceOrientationLandscapeLeft UIInterfaceOrientationLandscapeRight";
				INFOPLIST_KEY_UISupportedInterfaceOrientations_iPhone = "UIInterfaceOrientationPortrait UIInterfaceOrientationLandscapeLeft UIInterfaceOrientationLandscapeRight";
				IPHONEOS_DEPLOYMENT_TARGET = 16.0;
				LD_RUNPATH_SEARCH_PATHS = (
					"$(inherited)",
					"@executable_path/Frameworks",
				);
				MARKETING_VERSION = 1.0;
				PRODUCT_BUNDLE_IDENTIFIER = com.example.MechBoard;
				PRODUCT_NAME = "$(TARGET_NAME)";
				SWIFT_EMIT_LOC_STRINGS = YES;
				SWIFT_VERSION = 5.0;
				TARGETED_DEVICE_FAMILY = "1,2";
			};
			name = Release;
		};
/* End XCBuildConfiguration section */

/* Begin XCConfigurationList section */
		32804B2828C2D82600C24238 /* Build configuration list for PBXProject "MechBoard" */ = {
			isa = XCConfigurationList;
			buildConfigurations = (
				32804B3E28C2D82700C24238 /* Debug */,
				32804B3F28C2D82700C24238 /* Release */,
			);
			defaultConfigurationIsVisible = 0;
			defaultConfigurationName = Release;
		};
		32804B4028C2D82700C24238 /* Build configuration list for PBXNativeTarget "MechBoard" */ = {
			isa = XCConfigurationList;
			buildConfigurations = (
				32804B4128C2D82700C24238 /* Debug */,
				32804B4228C2D82700C24238 /* Release */,
			);
			defaultConfigurationIsVisible = 0;
			defaultConfigurationName = Release;
		};
/* End XCConfigurationList section */

/* Begin XCVersionGroup section */
		32804B3B28C2D82700C24238 /* MechBoard.xcdatamodeld */ = {
			isa = XCVersionGroup;
			children = (
				32804B3C28C2D82700C24238 /* MechBoard.xcdatamodel */,
			);
			currentVersion = 32804B3C28C2D82700C24238 /* MechBoard.xcdatamodel */;
			path = MechBoard.xcdatamodeld;
			sourceTree = "<group>";
			versionGroupType = wrapper.xcdatamodel;
		};
/* End XCVersionGroup section */
	};
	rootObject = 32804B2528C2D82600C24238 /* Project object */;
}
